// !$*UTF8*$!
{
	archiveVersion = 1;
	classes = {
	};
	objectVersion = 56;
	objects = {

/* Begin PBXBuildFile section */
		42BF11B12BFD2AD900AD797F /* FinishingTheRecipeView.swift in Sources */ = {isa = PBXBuildFile; fileRef = 42BF11B02BFD2AD900AD797F /* FinishingTheRecipeView.swift */; };
		6F2CEC292BF67E0800F7EC5C /* OnBoardingView.swift in Sources */ = {isa = PBXBuildFile; fileRef = 6F2CEC282BF67E0800F7EC5C /* OnBoardingView.swift */; };
		6F2CEC2B2BF67F5500F7EC5C /* OnBoarding2.swift in Sources */ = {isa = PBXBuildFile; fileRef = 6F2CEC2A2BF67F5500F7EC5C /* OnBoarding2.swift */; };
		6F2CEC2D2BF67F5D00F7EC5C /* OnBoarding3.swift in Sources */ = {isa = PBXBuildFile; fileRef = 6F2CEC2C2BF67F5D00F7EC5C /* OnBoarding3.swift */; };
		6F2CEC2F2BF6845E00F7EC5C /* OnBoarding1.swift in Sources */ = {isa = PBXBuildFile; fileRef = 6F2CEC2E2BF6845E00F7EC5C /* OnBoarding1.swift */; };
		6F39AC5B2C10861D006F58F9 /* AddRecipeManually.swift in Sources */ = {isa = PBXBuildFile; fileRef = 6F39AC5A2C10861D006F58F9 /* AddRecipeManually.swift */; };
		6F3CBAD82BEBFDCE0047BEAD /* Data.swift in Sources */ = {isa = PBXBuildFile; fileRef = 6F3CBAD72BEBFDCE0047BEAD /* Data.swift */; };
		6F656F2A2BF5471900A1CF3A /* MealsSearchView.swift in Sources */ = {isa = PBXBuildFile; fileRef = 6F656F292BF5471900A1CF3A /* MealsSearchView.swift */; };
		6FAC30DB2BFC2B33008D8864 /* AddObservationView.swift in Sources */ = {isa = PBXBuildFile; fileRef = 6FAC30DA2BFC2B33008D8864 /* AddObservationView.swift */; };
		6FE1301B2BF3DF8700F40F26 /* YourRecipes.swift in Sources */ = {isa = PBXBuildFile; fileRef = 6FE1301A2BF3DF8700F40F26 /* YourRecipes.swift */; };
		6FE1301D2BF3E07300F40F26 /* FavoriteCardItem.swift in Sources */ = {isa = PBXBuildFile; fileRef = 6FE1301C2BF3E07300F40F26 /* FavoriteCardItem.swift */; };
		6FE47A5E2BED475200BA9263 /* MealSpeechView.swift in Sources */ = {isa = PBXBuildFile; fileRef = 6FE47A5D2BED475200BA9263 /* MealSpeechView.swift */; };
		6FE47A612BEEB47200BA9263 /* CodableExtensions in Frameworks */ = {isa = PBXBuildFile; productRef = 6FE47A602BEEB47200BA9263 /* CodableExtensions */; };
		6FEBE1642BFEBF560007D0E4 /* TelemetryClient in Frameworks */ = {isa = PBXBuildFile; productRef = 6F9726CC2BFBD6D600D7740F /* TelemetryClient */; };
		6FF14DB42BE16F760004D52C /* Challenger02_HestiaApp.swift in Sources */ = {isa = PBXBuildFile; fileRef = 6FF14DB32BE16F760004D52C /* Challenger02_HestiaApp.swift */; };
		6FF14DB82BE16F770004D52C /* Assets.xcassets in Resources */ = {isa = PBXBuildFile; fileRef = 6FF14DB72BE16F770004D52C /* Assets.xcassets */; };
		6FF14DBB2BE16F770004D52C /* Preview Assets.xcassets in Resources */ = {isa = PBXBuildFile; fileRef = 6FF14DBA2BE16F770004D52C /* Preview Assets.xcassets */; };
		6FF1E13F2BE549B300A4B14E /* RouterViews.swift in Sources */ = {isa = PBXBuildFile; fileRef = 6FF1E13E2BE549B300A4B14E /* RouterViews.swift */; };
		6FF1E15C2BE57C1800A4B14E /* EveryThingTogetherMenuView.swift in Sources */ = {isa = PBXBuildFile; fileRef = 6FF1E15B2BE57C1800A4B14E /* EveryThingTogetherMenuView.swift */; };
		6FF1E15E2BE57CCD00A4B14E /* ButtonStyleMenuView.swift in Sources */ = {isa = PBXBuildFile; fileRef = 6FF1E15D2BE57CCD00A4B14E /* ButtonStyleMenuView.swift */; };
		6FF1E1602BE57E0000A4B14E /* TheTabView.swift in Sources */ = {isa = PBXBuildFile; fileRef = 6FF1E15F2BE57E0000A4B14E /* TheTabView.swift */; };
		993DD3D92BE416500007EEEE /* SpeechToTextClass.swift in Sources */ = {isa = PBXBuildFile; fileRef = 993DD3D82BE416500007EEEE /* SpeechToTextClass.swift */; };
		993DD3DB2BE4166F0007EEEE /* SpeechView.swift in Sources */ = {isa = PBXBuildFile; fileRef = 993DD3DA2BE4166F0007EEEE /* SpeechView.swift */; };
		9964D9C32BE2A9B8008CE95B /* MealModel.swift in Sources */ = {isa = PBXBuildFile; fileRef = 9964D9C22BE2A9B8008CE95B /* MealModel.swift */; };
		9964D9C52BE2A9CB008CE95B /* MealViewModel.swift in Sources */ = {isa = PBXBuildFile; fileRef = 9964D9C42BE2A9CB008CE95B /* MealViewModel.swift */; };
		9964D9C72BE2A9EB008CE95B /* CategoryModel.swift in Sources */ = {isa = PBXBuildFile; fileRef = 9964D9C62BE2A9EB008CE95B /* CategoryModel.swift */; };
		9964D9C92BE2A9FB008CE95B /* CategoryViewModel.swift in Sources */ = {isa = PBXBuildFile; fileRef = 9964D9C82BE2A9FB008CE95B /* CategoryViewModel.swift */; };
		9964D9CB2BE2AA34008CE95B /* WebService.swift in Sources */ = {isa = PBXBuildFile; fileRef = 9964D9CA2BE2AA34008CE95B /* WebService.swift */; };
		9964D9CD2BE2AA49008CE95B /* MealsListView.swift in Sources */ = {isa = PBXBuildFile; fileRef = 9964D9CC2BE2AA49008CE95B /* MealsListView.swift */; };
		9964D9CF2BE2AA60008CE95B /* MealDetailView.swift in Sources */ = {isa = PBXBuildFile; fileRef = 9964D9CE2BE2AA60008CE95B /* MealDetailView.swift */; };
		9964D9D12BE2AA6E008CE95B /* MealRowItem.swift in Sources */ = {isa = PBXBuildFile; fileRef = 9964D9D02BE2AA6E008CE95B /* MealRowItem.swift */; };
		9964D9D32BE2AA80008CE95B /* CategoriesListView.swift in Sources */ = {isa = PBXBuildFile; fileRef = 9964D9D22BE2AA80008CE95B /* CategoriesListView.swift */; };
		99C2B3702C0D209300F32049 /* AddNewRecipeView.swift in Sources */ = {isa = PBXBuildFile; fileRef = 99C2B36F2C0D209300F32049 /* AddNewRecipeView.swift */; };
		99C2B3722C0D22A200F32049 /* WebScrapingView.swift in Sources */ = {isa = PBXBuildFile; fileRef = 99C2B3712C0D22A200F32049 /* WebScrapingView.swift */; };
		99C2B3752C0D232600F32049 /* SwiftSoup in Frameworks */ = {isa = PBXBuildFile; productRef = 99C2B3742C0D232600F32049 /* SwiftSoup */; };
		99C2B3772C0D234B00F32049 /* OCRView.swift in Sources */ = {isa = PBXBuildFile; fileRef = 99C2B3762C0D234B00F32049 /* OCRView.swift */; };
		99C2B3792C0D238800F32049 /* CameraView.swift in Sources */ = {isa = PBXBuildFile; fileRef = 99C2B3782C0D238800F32049 /* CameraView.swift */; };
		99C2B37B2C0D239E00F32049 /* ImagePicker.swift in Sources */ = {isa = PBXBuildFile; fileRef = 99C2B37A2C0D239E00F32049 /* ImagePicker.swift */; };
		99C2B37F2C0E52BD00F32049 /* CropViewController in Frameworks */ = {isa = PBXBuildFile; productRef = 99C2B37E2C0E52BD00F32049 /* CropViewController */; };
		99C2B3812C0E52BD00F32049 /* TOCropViewController in Frameworks */ = {isa = PBXBuildFile; productRef = 99C2B3802C0E52BD00F32049 /* TOCropViewController */; };
		99C2B3832C0E52EA00F32049 /* ImageCropperView.swift in Sources */ = {isa = PBXBuildFile; fileRef = 99C2B3822C0E52EA00F32049 /* ImageCropperView.swift */; };
		99C2B3852C0E58BE00F32049 /* CustomCameraView.swift in Sources */ = {isa = PBXBuildFile; fileRef = 99C2B3842C0E58BE00F32049 /* CustomCameraView.swift */; };
		99C2B3872C0F924C00F32049 /* NavigationResetView.swift in Sources */ = {isa = PBXBuildFile; fileRef = 99C2B3862C0F924C00F32049 /* NavigationResetView.swift */; };
/* End PBXBuildFile section */

/* Begin PBXFileReference section */
		42BF11B02BFD2AD900AD797F /* FinishingTheRecipeView.swift */ = {isa = PBXFileReference; lastKnownFileType = sourcecode.swift; path = FinishingTheRecipeView.swift; sourceTree = "<group>"; };
		6F2CEC282BF67E0800F7EC5C /* OnBoardingView.swift */ = {isa = PBXFileReference; lastKnownFileType = sourcecode.swift; path = OnBoardingView.swift; sourceTree = "<group>"; };
		6F2CEC2A2BF67F5500F7EC5C /* OnBoarding2.swift */ = {isa = PBXFileReference; lastKnownFileType = sourcecode.swift; path = OnBoarding2.swift; sourceTree = "<group>"; };
		6F2CEC2C2BF67F5D00F7EC5C /* OnBoarding3.swift */ = {isa = PBXFileReference; lastKnownFileType = sourcecode.swift; path = OnBoarding3.swift; sourceTree = "<group>"; };
		6F2CEC2E2BF6845E00F7EC5C /* OnBoarding1.swift */ = {isa = PBXFileReference; lastKnownFileType = sourcecode.swift; path = OnBoarding1.swift; sourceTree = "<group>"; };
		6F39AC5A2C10861D006F58F9 /* AddRecipeManually.swift */ = {isa = PBXFileReference; lastKnownFileType = sourcecode.swift; path = AddRecipeManually.swift; sourceTree = "<group>"; };
		6F3CBAD72BEBFDCE0047BEAD /* Data.swift */ = {isa = PBXFileReference; lastKnownFileType = sourcecode.swift; path = Data.swift; sourceTree = "<group>"; };
		6F656F292BF5471900A1CF3A /* MealsSearchView.swift */ = {isa = PBXFileReference; lastKnownFileType = sourcecode.swift; path = MealsSearchView.swift; sourceTree = "<group>"; };
		6F6CC9312BF2AE1D0098C2E8 /* PrivacyInfo.xcprivacy */ = {isa = PBXFileReference; lastKnownFileType = text.xml; path = PrivacyInfo.xcprivacy; sourceTree = "<group>"; };
		6FAC30DA2BFC2B33008D8864 /* AddObservationView.swift */ = {isa = PBXFileReference; lastKnownFileType = sourcecode.swift; path = AddObservationView.swift; sourceTree = "<group>"; };
		6FE1301A2BF3DF8700F40F26 /* YourRecipes.swift */ = {isa = PBXFileReference; lastKnownFileType = sourcecode.swift; path = YourRecipes.swift; sourceTree = "<group>"; };
		6FE1301C2BF3E07300F40F26 /* FavoriteCardItem.swift */ = {isa = PBXFileReference; lastKnownFileType = sourcecode.swift; path = FavoriteCardItem.swift; sourceTree = "<group>"; };
		6FE47A5D2BED475200BA9263 /* MealSpeechView.swift */ = {isa = PBXFileReference; lastKnownFileType = sourcecode.swift; path = MealSpeechView.swift; sourceTree = "<group>"; };
		6FF14DB02BE16F760004D52C /* Challenger02_Hestia.app */ = {isa = PBXFileReference; explicitFileType = wrapper.application; includeInIndex = 0; path = Challenger02_Hestia.app; sourceTree = BUILT_PRODUCTS_DIR; };
		6FF14DB32BE16F760004D52C /* Challenger02_HestiaApp.swift */ = {isa = PBXFileReference; lastKnownFileType = sourcecode.swift; path = Challenger02_HestiaApp.swift; sourceTree = "<group>"; };
		6FF14DB72BE16F770004D52C /* Assets.xcassets */ = {isa = PBXFileReference; lastKnownFileType = folder.assetcatalog; path = Assets.xcassets; sourceTree = "<group>"; };
		6FF14DBA2BE16F770004D52C /* Preview Assets.xcassets */ = {isa = PBXFileReference; lastKnownFileType = folder.assetcatalog; path = "Preview Assets.xcassets"; sourceTree = "<group>"; };
		6FF1E13E2BE549B300A4B14E /* RouterViews.swift */ = {isa = PBXFileReference; lastKnownFileType = sourcecode.swift; path = RouterViews.swift; sourceTree = "<group>"; };
		6FF1E15B2BE57C1800A4B14E /* EveryThingTogetherMenuView.swift */ = {isa = PBXFileReference; lastKnownFileType = sourcecode.swift; path = EveryThingTogetherMenuView.swift; sourceTree = "<group>"; };
		6FF1E15D2BE57CCD00A4B14E /* ButtonStyleMenuView.swift */ = {isa = PBXFileReference; lastKnownFileType = sourcecode.swift; path = ButtonStyleMenuView.swift; sourceTree = "<group>"; };
		6FF1E15F2BE57E0000A4B14E /* TheTabView.swift */ = {isa = PBXFileReference; lastKnownFileType = sourcecode.swift; path = TheTabView.swift; sourceTree = "<group>"; };
		993DD3D82BE416500007EEEE /* SpeechToTextClass.swift */ = {isa = PBXFileReference; lastKnownFileType = sourcecode.swift; path = SpeechToTextClass.swift; sourceTree = "<group>"; };
		993DD3DA2BE4166F0007EEEE /* SpeechView.swift */ = {isa = PBXFileReference; lastKnownFileType = sourcecode.swift; path = SpeechView.swift; sourceTree = "<group>"; };
		9964D9C22BE2A9B8008CE95B /* MealModel.swift */ = {isa = PBXFileReference; lastKnownFileType = sourcecode.swift; path = MealModel.swift; sourceTree = "<group>"; };
		9964D9C42BE2A9CB008CE95B /* MealViewModel.swift */ = {isa = PBXFileReference; lastKnownFileType = sourcecode.swift; path = MealViewModel.swift; sourceTree = "<group>"; };
		9964D9C62BE2A9EB008CE95B /* CategoryModel.swift */ = {isa = PBXFileReference; lastKnownFileType = sourcecode.swift; path = CategoryModel.swift; sourceTree = "<group>"; };
		9964D9C82BE2A9FB008CE95B /* CategoryViewModel.swift */ = {isa = PBXFileReference; lastKnownFileType = sourcecode.swift; path = CategoryViewModel.swift; sourceTree = "<group>"; };
		9964D9CA2BE2AA34008CE95B /* WebService.swift */ = {isa = PBXFileReference; lastKnownFileType = sourcecode.swift; path = WebService.swift; sourceTree = "<group>"; };
		9964D9CC2BE2AA49008CE95B /* MealsListView.swift */ = {isa = PBXFileReference; lastKnownFileType = sourcecode.swift; path = MealsListView.swift; sourceTree = "<group>"; };
		9964D9CE2BE2AA60008CE95B /* MealDetailView.swift */ = {isa = PBXFileReference; lastKnownFileType = sourcecode.swift; path = MealDetailView.swift; sourceTree = "<group>"; };
		9964D9D02BE2AA6E008CE95B /* MealRowItem.swift */ = {isa = PBXFileReference; lastKnownFileType = sourcecode.swift; path = MealRowItem.swift; sourceTree = "<group>"; };
		9964D9D22BE2AA80008CE95B /* CategoriesListView.swift */ = {isa = PBXFileReference; lastKnownFileType = sourcecode.swift; path = CategoriesListView.swift; sourceTree = "<group>"; };
		99C2B36F2C0D209300F32049 /* AddNewRecipeView.swift */ = {isa = PBXFileReference; lastKnownFileType = sourcecode.swift; path = AddNewRecipeView.swift; sourceTree = "<group>"; };
		99C2B3712C0D22A200F32049 /* WebScrapingView.swift */ = {isa = PBXFileReference; lastKnownFileType = sourcecode.swift; path = WebScrapingView.swift; sourceTree = "<group>"; };
		99C2B3762C0D234B00F32049 /* OCRView.swift */ = {isa = PBXFileReference; lastKnownFileType = sourcecode.swift; path = OCRView.swift; sourceTree = "<group>"; };
		99C2B3782C0D238800F32049 /* CameraView.swift */ = {isa = PBXFileReference; lastKnownFileType = sourcecode.swift; path = CameraView.swift; sourceTree = "<group>"; };
		99C2B37A2C0D239E00F32049 /* ImagePicker.swift */ = {isa = PBXFileReference; lastKnownFileType = sourcecode.swift; path = ImagePicker.swift; sourceTree = "<group>"; };
		99C2B3822C0E52EA00F32049 /* ImageCropperView.swift */ = {isa = PBXFileReference; lastKnownFileType = sourcecode.swift; path = ImageCropperView.swift; sourceTree = "<group>"; };
		99C2B3842C0E58BE00F32049 /* CustomCameraView.swift */ = {isa = PBXFileReference; lastKnownFileType = sourcecode.swift; path = CustomCameraView.swift; sourceTree = "<group>"; };
		99C2B3862C0F924C00F32049 /* NavigationResetView.swift */ = {isa = PBXFileReference; lastKnownFileType = sourcecode.swift; path = NavigationResetView.swift; sourceTree = "<group>"; };
/* End PBXFileReference section */

/* Begin PBXFrameworksBuildPhase section */
		6FF14DAD2BE16F760004D52C /* Frameworks */ = {
			isa = PBXFrameworksBuildPhase;
			buildActionMask = 2147483647;
			files = (
				6FEBE1642BFEBF560007D0E4 /* TelemetryClient in Frameworks */,
				99C2B3812C0E52BD00F32049 /* TOCropViewController in Frameworks */,
				99C2B37F2C0E52BD00F32049 /* CropViewController in Frameworks */,
				6FE47A612BEEB47200BA9263 /* CodableExtensions in Frameworks */,
				99C2B3752C0D232600F32049 /* SwiftSoup in Frameworks */,
			);
			runOnlyForDeploymentPostprocessing = 0;
		};
/* End PBXFrameworksBuildPhase section */

/* Begin PBXGroup section */
		6FF14DA72BE16F760004D52C = {
			isa = PBXGroup;
			children = (
				6FF14DB22BE16F760004D52C /* Challenger02_Hestia */,
				6FF14DB12BE16F760004D52C /* Products */,
			);
			sourceTree = "<group>";
		};
		6FF14DB12BE16F760004D52C /* Products */ = {
			isa = PBXGroup;
			children = (
				6FF14DB02BE16F760004D52C /* Challenger02_Hestia.app */,
			);
			name = Products;
			sourceTree = "<group>";
		};
		6FF14DB22BE16F760004D52C /* Challenger02_Hestia */ = {
			isa = PBXGroup;
			children = (
				6FF14DB72BE16F770004D52C /* Assets.xcassets */,
				6F6CC9312BF2AE1D0098C2E8 /* PrivacyInfo.xcprivacy */,
				6FF14DB32BE16F760004D52C /* Challenger02_HestiaApp.swift */,
				9964D9C12BE2A9AC008CE95B /* Models */,
				9964D9C02BE2A9A1008CE95B /* Services */,
				9964D9BF2BE2A995008CE95B /* Views */,
				6FF14DB92BE16F770004D52C /* Preview Content */,
			);
			path = Challenger02_Hestia;
			sourceTree = "<group>";
		};
		6FF14DB92BE16F770004D52C /* Preview Content */ = {
			isa = PBXGroup;
			children = (
				6FF14DBA2BE16F770004D52C /* Preview Assets.xcassets */,
			);
			path = "Preview Content";
			sourceTree = "<group>";
		};
		6FF1E15A2BE57B6600A4B14E /* Menu */ = {
			isa = PBXGroup;
			children = (
				6FF1E15B2BE57C1800A4B14E /* EveryThingTogetherMenuView.swift */,
				6FF1E15D2BE57CCD00A4B14E /* ButtonStyleMenuView.swift */,
			);
			path = Menu;
			sourceTree = "<group>";
		};
		993DD3D72BE414D60007EEEE /* Speech */ = {
			isa = PBXGroup;
			children = (
				993DD3D82BE416500007EEEE /* SpeechToTextClass.swift */,
				993DD3DA2BE4166F0007EEEE /* SpeechView.swift */,
				6FE47A5D2BED475200BA9263 /* MealSpeechView.swift */,
			);
			path = Speech;
			sourceTree = "<group>";
		};
		9964D9BF2BE2A995008CE95B /* Views */ = {
			isa = PBXGroup;
			children = (
				99C2B37C2C0D23A500F32049 /* AddRecipeViews */,
				99C2B36E2C0D205E00F32049 /* Onboardings */,
				993DD3D72BE414D60007EEEE /* Speech */,
				6FF1E15A2BE57B6600A4B14E /* Menu */,
				9964D9CC2BE2AA49008CE95B /* MealsListView.swift */,
				9964D9D02BE2AA6E008CE95B /* MealRowItem.swift */,
				9964D9CE2BE2AA60008CE95B /* MealDetailView.swift */,
				9964D9D22BE2AA80008CE95B /* CategoriesListView.swift */,
				6FF1E15F2BE57E0000A4B14E /* TheTabView.swift */,
				6FE1301A2BF3DF8700F40F26 /* YourRecipes.swift */,
				6FE1301C2BF3E07300F40F26 /* FavoriteCardItem.swift */,
				6F656F292BF5471900A1CF3A /* MealsSearchView.swift */,
				6FAC30DA2BFC2B33008D8864 /* AddObservationView.swift */,
				42BF11B02BFD2AD900AD797F /* FinishingTheRecipeView.swift */,
			);
			path = Views;
			sourceTree = "<group>";
		};
		9964D9C02BE2A9A1008CE95B /* Services */ = {
			isa = PBXGroup;
			children = (
				9964D9CA2BE2AA34008CE95B /* WebService.swift */,
				6FF1E13E2BE549B300A4B14E /* RouterViews.swift */,
			);
			path = Services;
			sourceTree = "<group>";
		};
		9964D9C12BE2A9AC008CE95B /* Models */ = {
			isa = PBXGroup;
			children = (
				9964D9C22BE2A9B8008CE95B /* MealModel.swift */,
				9964D9C42BE2A9CB008CE95B /* MealViewModel.swift */,
				9964D9C62BE2A9EB008CE95B /* CategoryModel.swift */,
				9964D9C82BE2A9FB008CE95B /* CategoryViewModel.swift */,
				6F3CBAD72BEBFDCE0047BEAD /* Data.swift */,
			);
			path = Models;
			sourceTree = "<group>";
		};
		99C2B36E2C0D205E00F32049 /* Onboardings */ = {
			isa = PBXGroup;
			children = (
				6F2CEC2E2BF6845E00F7EC5C /* OnBoarding1.swift */,
				6F2CEC2C2BF67F5D00F7EC5C /* OnBoarding3.swift */,
				6F2CEC2A2BF67F5500F7EC5C /* OnBoarding2.swift */,
				6F2CEC282BF67E0800F7EC5C /* OnBoardingView.swift */,
			);
			path = Onboardings;
			sourceTree = "<group>";
		};
		99C2B37C2C0D23A500F32049 /* AddRecipeViews */ = {
			isa = PBXGroup;
			children = (
				99C2B36F2C0D209300F32049 /* AddNewRecipeView.swift */,
				99C2B37A2C0D239E00F32049 /* ImagePicker.swift */,
				99C2B3762C0D234B00F32049 /* OCRView.swift */,
				99C2B3712C0D22A200F32049 /* WebScrapingView.swift */,
				99C2B3782C0D238800F32049 /* CameraView.swift */,
				99C2B3822C0E52EA00F32049 /* ImageCropperView.swift */,
				99C2B3842C0E58BE00F32049 /* CustomCameraView.swift */,
				99C2B3862C0F924C00F32049 /* NavigationResetView.swift */,
				6F39AC5A2C10861D006F58F9 /* AddRecipeManually.swift */,
			);
			path = AddRecipeViews;
			sourceTree = "<group>";
		};
/* End PBXGroup section */

/* Begin PBXNativeTarget section */
		6FF14DAF2BE16F760004D52C /* Challenger02_Hestia */ = {
			isa = PBXNativeTarget;
			buildConfigurationList = 6FF14DBE2BE16F770004D52C /* Build configuration list for PBXNativeTarget "Challenger02_Hestia" */;
			buildPhases = (
				6FF14DAC2BE16F760004D52C /* Sources */,
				6FF14DAD2BE16F760004D52C /* Frameworks */,
				6FF14DAE2BE16F760004D52C /* Resources */,
			);
			buildRules = (
			);
			dependencies = (
			);
			name = Challenger02_Hestia;
			packageProductDependencies = (
				6FE47A602BEEB47200BA9263 /* CodableExtensions */,
				6F9726CC2BFBD6D600D7740F /* TelemetryClient */,
				99C2B3742C0D232600F32049 /* SwiftSoup */,
				99C2B37E2C0E52BD00F32049 /* CropViewController */,
				99C2B3802C0E52BD00F32049 /* TOCropViewController */,
			);
			productName = Challenger02_Hestia;
			productReference = 6FF14DB02BE16F760004D52C /* Challenger02_Hestia.app */;
			productType = "com.apple.product-type.application";
		};
/* End PBXNativeTarget section */

/* Begin PBXProject section */
		6FF14DA82BE16F760004D52C /* Project object */ = {
			isa = PBXProject;
			attributes = {
				BuildIndependentTargetsInParallel = 1;
				LastSwiftUpdateCheck = 1520;
				LastUpgradeCheck = 1520;
				TargetAttributes = {
					6FF14DAF2BE16F760004D52C = {
						CreatedOnToolsVersion = 15.2;
					};
				};
			};
			buildConfigurationList = 6FF14DAB2BE16F760004D52C /* Build configuration list for PBXProject "Challenger02_Hestia" */;
			compatibilityVersion = "Xcode 14.0";
			developmentRegion = en;
			hasScannedForEncodings = 0;
			knownRegions = (
				en,
				Base,
			);
			mainGroup = 6FF14DA72BE16F760004D52C;
			packageReferences = (
				6FE47A5F2BEEB47200BA9263 /* XCRemoteSwiftPackageReference "CodableExtensions" */,
				6F9726CB2BFBD6D600D7740F /* XCRemoteSwiftPackageReference "SwiftClient" */,
				99C2B3732C0D232600F32049 /* XCRemoteSwiftPackageReference "SwiftSoup" */,
				99C2B37D2C0E52BD00F32049 /* XCRemoteSwiftPackageReference "TOCropViewController" */,
			);
			productRefGroup = 6FF14DB12BE16F760004D52C /* Products */;
			projectDirPath = "";
			projectRoot = "";
			targets = (
				6FF14DAF2BE16F760004D52C /* Challenger02_Hestia */,
			);
		};
/* End PBXProject section */

/* Begin PBXResourcesBuildPhase section */
		6FF14DAE2BE16F760004D52C /* Resources */ = {
			isa = PBXResourcesBuildPhase;
			buildActionMask = 2147483647;
			files = (
				6FF14DBB2BE16F770004D52C /* Preview Assets.xcassets in Resources */,
				6FF14DB82BE16F770004D52C /* Assets.xcassets in Resources */,
			);
			runOnlyForDeploymentPostprocessing = 0;
		};
/* End PBXResourcesBuildPhase section */

/* Begin PBXSourcesBuildPhase section */
		6FF14DAC2BE16F760004D52C /* Sources */ = {
			isa = PBXSourcesBuildPhase;
			buildActionMask = 2147483647;
			files = (
				99C2B3722C0D22A200F32049 /* WebScrapingView.swift in Sources */,
				42BF11B12BFD2AD900AD797F /* FinishingTheRecipeView.swift in Sources */,
				993DD3D92BE416500007EEEE /* SpeechToTextClass.swift in Sources */,
				6FE1301B2BF3DF8700F40F26 /* YourRecipes.swift in Sources */,
				9964D9CF2BE2AA60008CE95B /* MealDetailView.swift in Sources */,
				6FAC30DB2BFC2B33008D8864 /* AddObservationView.swift in Sources */,
				6FF1E15C2BE57C1800A4B14E /* EveryThingTogetherMenuView.swift in Sources */,
				99C2B3792C0D238800F32049 /* CameraView.swift in Sources */,
				99C2B3832C0E52EA00F32049 /* ImageCropperView.swift in Sources */,
				9964D9C52BE2A9CB008CE95B /* MealViewModel.swift in Sources */,
				99C2B3852C0E58BE00F32049 /* CustomCameraView.swift in Sources */,
				6F2CEC292BF67E0800F7EC5C /* OnBoardingView.swift in Sources */,
				6F2CEC2F2BF6845E00F7EC5C /* OnBoarding1.swift in Sources */,
				6F2CEC2B2BF67F5500F7EC5C /* OnBoarding2.swift in Sources */,
				99C2B3872C0F924C00F32049 /* NavigationResetView.swift in Sources */,
				9964D9CB2BE2AA34008CE95B /* WebService.swift in Sources */,
				99C2B37B2C0D239E00F32049 /* ImagePicker.swift in Sources */,
				6F656F2A2BF5471900A1CF3A /* MealsSearchView.swift in Sources */,
				6F2CEC2D2BF67F5D00F7EC5C /* OnBoarding3.swift in Sources */,
				993DD3DB2BE4166F0007EEEE /* SpeechView.swift in Sources */,
				99C2B3772C0D234B00F32049 /* OCRView.swift in Sources */,
				9964D9D12BE2AA6E008CE95B /* MealRowItem.swift in Sources */,
				9964D9C32BE2A9B8008CE95B /* MealModel.swift in Sources */,
				9964D9C72BE2A9EB008CE95B /* CategoryModel.swift in Sources */,
				9964D9C92BE2A9FB008CE95B /* CategoryViewModel.swift in Sources */,
				6FF14DB42BE16F760004D52C /* Challenger02_HestiaApp.swift in Sources */,
				99C2B3702C0D209300F32049 /* AddNewRecipeView.swift in Sources */,
				6FF1E13F2BE549B300A4B14E /* RouterViews.swift in Sources */,
				9964D9CD2BE2AA49008CE95B /* MealsListView.swift in Sources */,
				6F3CBAD82BEBFDCE0047BEAD /* Data.swift in Sources */,
				6F39AC5B2C10861D006F58F9 /* AddRecipeManually.swift in Sources */,
				9964D9D32BE2AA80008CE95B /* CategoriesListView.swift in Sources */,
				6FF1E1602BE57E0000A4B14E /* TheTabView.swift in Sources */,
				6FF1E15E2BE57CCD00A4B14E /* ButtonStyleMenuView.swift in Sources */,
				6FE47A5E2BED475200BA9263 /* MealSpeechView.swift in Sources */,
				6FE1301D2BF3E07300F40F26 /* FavoriteCardItem.swift in Sources */,
			);
			runOnlyForDeploymentPostprocessing = 0;
		};
/* End PBXSourcesBuildPhase section */

/* Begin XCBuildConfiguration section */
		6FF14DBC2BE16F770004D52C /* Debug */ = {
			isa = XCBuildConfiguration;
			buildSettings = {
				ALWAYS_SEARCH_USER_PATHS = NO;
				ASSETCATALOG_COMPILER_GENERATE_SWIFT_ASSET_SYMBOL_EXTENSIONS = YES;
				CLANG_ANALYZER_NONNULL = YES;
				CLANG_ANALYZER_NUMBER_OBJECT_CONVERSION = YES_AGGRESSIVE;
				CLANG_CXX_LANGUAGE_STANDARD = "gnu++20";
				CLANG_ENABLE_MODULES = YES;
				CLANG_ENABLE_OBJC_ARC = YES;
				CLANG_ENABLE_OBJC_WEAK = YES;
				CLANG_WARN_BLOCK_CAPTURE_AUTORELEASING = YES;
				CLANG_WARN_BOOL_CONVERSION = YES;
				CLANG_WARN_COMMA = YES;
				CLANG_WARN_CONSTANT_CONVERSION = YES;
				CLANG_WARN_DEPRECATED_OBJC_IMPLEMENTATIONS = YES;
				CLANG_WARN_DIRECT_OBJC_ISA_USAGE = YES_ERROR;
				CLANG_WARN_DOCUMENTATION_COMMENTS = YES;
				CLANG_WARN_EMPTY_BODY = YES;
				CLANG_WARN_ENUM_CONVERSION = YES;
				CLANG_WARN_INFINITE_RECURSION = YES;
				CLANG_WARN_INT_CONVERSION = YES;
				CLANG_WARN_NON_LITERAL_NULL_CONVERSION = YES;
				CLANG_WARN_OBJC_IMPLICIT_RETAIN_SELF = YES;
				CLANG_WARN_OBJC_LITERAL_CONVERSION = YES;
				CLANG_WARN_OBJC_ROOT_CLASS = YES_ERROR;
				CLANG_WARN_QUOTED_INCLUDE_IN_FRAMEWORK_HEADER = YES;
				CLANG_WARN_RANGE_LOOP_ANALYSIS = YES;
				CLANG_WARN_STRICT_PROTOTYPES = YES;
				CLANG_WARN_SUSPICIOUS_MOVE = YES;
				CLANG_WARN_UNGUARDED_AVAILABILITY = YES_AGGRESSIVE;
				CLANG_WARN_UNREACHABLE_CODE = YES;
				CLANG_WARN__DUPLICATE_METHOD_MATCH = YES;
				COPY_PHASE_STRIP = NO;
				DEBUG_INFORMATION_FORMAT = dwarf;
				ENABLE_STRICT_OBJC_MSGSEND = YES;
				ENABLE_TESTABILITY = YES;
				ENABLE_USER_SCRIPT_SANDBOXING = YES;
				GCC_C_LANGUAGE_STANDARD = gnu17;
				GCC_DYNAMIC_NO_PIC = NO;
				GCC_NO_COMMON_BLOCKS = YES;
				GCC_OPTIMIZATION_LEVEL = 0;
				GCC_PREPROCESSOR_DEFINITIONS = (
					"DEBUG=1",
					"$(inherited)",
				);
				GCC_WARN_64_TO_32_BIT_CONVERSION = YES;
				GCC_WARN_ABOUT_RETURN_TYPE = YES_ERROR;
				GCC_WARN_UNDECLARED_SELECTOR = YES;
				GCC_WARN_UNINITIALIZED_AUTOS = YES_AGGRESSIVE;
				GCC_WARN_UNUSED_FUNCTION = YES;
				GCC_WARN_UNUSED_VARIABLE = YES;
				IPHONEOS_DEPLOYMENT_TARGET = 17.2;
				LOCALIZATION_PREFERS_STRING_CATALOGS = YES;
				MTL_ENABLE_DEBUG_INFO = INCLUDE_SOURCE;
				MTL_FAST_MATH = YES;
				ONLY_ACTIVE_ARCH = YES;
				SDKROOT = iphoneos;
				SWIFT_ACTIVE_COMPILATION_CONDITIONS = "DEBUG $(inherited)";
				SWIFT_OPTIMIZATION_LEVEL = "-Onone";
			};
			name = Debug;
		};
		6FF14DBD2BE16F770004D52C /* Release */ = {
			isa = XCBuildConfiguration;
			buildSettings = {
				ALWAYS_SEARCH_USER_PATHS = NO;
				ASSETCATALOG_COMPILER_GENERATE_SWIFT_ASSET_SYMBOL_EXTENSIONS = YES;
				CLANG_ANALYZER_NONNULL = YES;
				CLANG_ANALYZER_NUMBER_OBJECT_CONVERSION = YES_AGGRESSIVE;
				CLANG_CXX_LANGUAGE_STANDARD = "gnu++20";
				CLANG_ENABLE_MODULES = YES;
				CLANG_ENABLE_OBJC_ARC = YES;
				CLANG_ENABLE_OBJC_WEAK = YES;
				CLANG_WARN_BLOCK_CAPTURE_AUTORELEASING = YES;
				CLANG_WARN_BOOL_CONVERSION = YES;
				CLANG_WARN_COMMA = YES;
				CLANG_WARN_CONSTANT_CONVERSION = YES;
				CLANG_WARN_DEPRECATED_OBJC_IMPLEMENTATIONS = YES;
				CLANG_WARN_DIRECT_OBJC_ISA_USAGE = YES_ERROR;
				CLANG_WARN_DOCUMENTATION_COMMENTS = YES;
				CLANG_WARN_EMPTY_BODY = YES;
				CLANG_WARN_ENUM_CONVERSION = YES;
				CLANG_WARN_INFINITE_RECURSION = YES;
				CLANG_WARN_INT_CONVERSION = YES;
				CLANG_WARN_NON_LITERAL_NULL_CONVERSION = YES;
				CLANG_WARN_OBJC_IMPLICIT_RETAIN_SELF = YES;
				CLANG_WARN_OBJC_LITERAL_CONVERSION = YES;
				CLANG_WARN_OBJC_ROOT_CLASS = YES_ERROR;
				CLANG_WARN_QUOTED_INCLUDE_IN_FRAMEWORK_HEADER = YES;
				CLANG_WARN_RANGE_LOOP_ANALYSIS = YES;
				CLANG_WARN_STRICT_PROTOTYPES = YES;
				CLANG_WARN_SUSPICIOUS_MOVE = YES;
				CLANG_WARN_UNGUARDED_AVAILABILITY = YES_AGGRESSIVE;
				CLANG_WARN_UNREACHABLE_CODE = YES;
				CLANG_WARN__DUPLICATE_METHOD_MATCH = YES;
				COPY_PHASE_STRIP = NO;
				DEBUG_INFORMATION_FORMAT = "dwarf-with-dsym";
				ENABLE_NS_ASSERTIONS = NO;
				ENABLE_STRICT_OBJC_MSGSEND = YES;
				ENABLE_USER_SCRIPT_SANDBOXING = YES;
				GCC_C_LANGUAGE_STANDARD = gnu17;
				GCC_NO_COMMON_BLOCKS = YES;
				GCC_WARN_64_TO_32_BIT_CONVERSION = YES;
				GCC_WARN_ABOUT_RETURN_TYPE = YES_ERROR;
				GCC_WARN_UNDECLARED_SELECTOR = YES;
				GCC_WARN_UNINITIALIZED_AUTOS = YES_AGGRESSIVE;
				GCC_WARN_UNUSED_FUNCTION = YES;
				GCC_WARN_UNUSED_VARIABLE = YES;
				IPHONEOS_DEPLOYMENT_TARGET = 17.2;
				LOCALIZATION_PREFERS_STRING_CATALOGS = YES;
				MTL_ENABLE_DEBUG_INFO = NO;
				MTL_FAST_MATH = YES;
				SDKROOT = iphoneos;
				SWIFT_COMPILATION_MODE = wholemodule;
				VALIDATE_PRODUCT = YES;
			};
			name = Release;
		};
		6FF14DBF2BE16F770004D52C /* Debug */ = {
			isa = XCBuildConfiguration;
			buildSettings = {
				ASSETCATALOG_COMPILER_APPICON_NAME = AppIcon;
				ASSETCATALOG_COMPILER_GLOBAL_ACCENT_COLOR_NAME = AccentColor;
				CODE_SIGN_STYLE = Automatic;
				CURRENT_PROJECT_VERSION = 1;
				DEVELOPMENT_ASSET_PATHS = "\"Challenger02_Hestia/Preview Content\"";
				DEVELOPMENT_TEAM = 67AYPRFZH8;
				ENABLE_PREVIEWS = YES;
				GENERATE_INFOPLIST_FILE = YES;
				INFOPLIST_KEY_CFBundleDisplayName = Hestia;
				INFOPLIST_KEY_NSCameraUsageDescription = "Precisamos do acesso a camera para tirar a foto.";
				INFOPLIST_KEY_NSMicrophoneUsageDescription = "We need this to hear your instructions during the recipe.";
				INFOPLIST_KEY_NSSpeechRecognitionUsageDescription = "We need your permission to understand what you are saying!";
				INFOPLIST_KEY_UIApplicationSceneManifest_Generation = YES;
				INFOPLIST_KEY_UIApplicationSupportsIndirectInputEvents = YES;
				INFOPLIST_KEY_UILaunchScreen_Generation = YES;
				INFOPLIST_KEY_UISupportedInterfaceOrientations = UIInterfaceOrientationPortrait;
				INFOPLIST_KEY_UISupportedInterfaceOrientations_iPad = "UIInterfaceOrientationLandscapeLeft UIInterfaceOrientationLandscapeRight UIInterfaceOrientationPortrait UIInterfaceOrientationPortraitUpsideDown";
				LD_RUNPATH_SEARCH_PATHS = (
					"$(inherited)",
					"@executable_path/Frameworks",
				);
				MARKETING_VERSION = 1.1;
				PRODUCT_BUNDLE_IDENTIFIER = Challenge02Hestia;
				PRODUCT_NAME = "$(TARGET_NAME)";
				SUPPORTED_PLATFORMS = "iphoneos iphonesimulator";
				SUPPORTS_MACCATALYST = NO;
				SUPPORTS_MAC_DESIGNED_FOR_IPHONE_IPAD = NO;
				SUPPORTS_XR_DESIGNED_FOR_IPHONE_IPAD = NO;
				SWIFT_EMIT_LOC_STRINGS = YES;
				SWIFT_VERSION = 5.0;
				TARGETED_DEVICE_FAMILY = 1;
			};
			name = Debug;
		};
		6FF14DC02BE16F770004D52C /* Release */ = {
			isa = XCBuildConfiguration;
			buildSettings = {
				ASSETCATALOG_COMPILER_APPICON_NAME = AppIcon;
				ASSETCATALOG_COMPILER_GLOBAL_ACCENT_COLOR_NAME = AccentColor;
				CODE_SIGN_STYLE = Automatic;
				CURRENT_PROJECT_VERSION = 1;
				DEVELOPMENT_ASSET_PATHS = "\"Challenger02_Hestia/Preview Content\"";
				DEVELOPMENT_TEAM = 67AYPRFZH8;
				ENABLE_PREVIEWS = YES;
				GENERATE_INFOPLIST_FILE = YES;
				INFOPLIST_KEY_CFBundleDisplayName = Hestia;
				INFOPLIST_KEY_NSCameraUsageDescription = "Precisamos do acesso a camera para tirar a foto.";
				INFOPLIST_KEY_NSMicrophoneUsageDescription = "We need this to hear your instructions during the recipe.";
				INFOPLIST_KEY_NSSpeechRecognitionUsageDescription = "We need your permission to understand what you are saying!";
				INFOPLIST_KEY_UIApplicationSceneManifest_Generation = YES;
				INFOPLIST_KEY_UIApplicationSupportsIndirectInputEvents = YES;
				INFOPLIST_KEY_UILaunchScreen_Generation = YES;
				INFOPLIST_KEY_UISupportedInterfaceOrientations = UIInterfaceOrientationPortrait;
				INFOPLIST_KEY_UISupportedInterfaceOrientations_iPad = "UIInterfaceOrientationLandscapeLeft UIInterfaceOrientationLandscapeRight UIInterfaceOrientationPortrait UIInterfaceOrientationPortraitUpsideDown";
				LD_RUNPATH_SEARCH_PATHS = (
					"$(inherited)",
					"@executable_path/Frameworks",
				);
				MARKETING_VERSION = 1.1;
				PRODUCT_BUNDLE_IDENTIFIER = Challenge02Hestia;
				PRODUCT_NAME = "$(TARGET_NAME)";
				SUPPORTED_PLATFORMS = "iphoneos iphonesimulator";
				SUPPORTS_MACCATALYST = NO;
				SUPPORTS_MAC_DESIGNED_FOR_IPHONE_IPAD = NO;
				SUPPORTS_XR_DESIGNED_FOR_IPHONE_IPAD = NO;
				SWIFT_EMIT_LOC_STRINGS = YES;
				SWIFT_VERSION = 5.0;
				TARGETED_DEVICE_FAMILY = 1;
			};
			name = Release;
		};
/* End XCBuildConfiguration section */

/* Begin XCConfigurationList section */
		6FF14DAB2BE16F760004D52C /* Build configuration list for PBXProject "Challenger02_Hestia" */ = {
			isa = XCConfigurationList;
			buildConfigurations = (
				6FF14DBC2BE16F770004D52C /* Debug */,
				6FF14DBD2BE16F770004D52C /* Release */,
			);
			defaultConfigurationIsVisible = 0;
			defaultConfigurationName = Release;
		};
		6FF14DBE2BE16F770004D52C /* Build configuration list for PBXNativeTarget "Challenger02_Hestia" */ = {
			isa = XCConfigurationList;
			buildConfigurations = (
				6FF14DBF2BE16F770004D52C /* Debug */,
				6FF14DC02BE16F770004D52C /* Release */,
			);
			defaultConfigurationIsVisible = 0;
			defaultConfigurationName = Release;
		};
/* End XCConfigurationList section */

/* Begin XCRemoteSwiftPackageReference section */
		6F9726CB2BFBD6D600D7740F /* XCRemoteSwiftPackageReference "SwiftClient" */ = {
			isa = XCRemoteSwiftPackageReference;
			repositoryURL = "https://github.com/TelemetryDeck/SwiftClient";
			requirement = {
				kind = upToNextMajorVersion;
				minimumVersion = 1.5.1;
			};
		};
		6FE47A5F2BEEB47200BA9263 /* XCRemoteSwiftPackageReference "CodableExtensions" */ = {
			isa = XCRemoteSwiftPackageReference;
			repositoryURL = "https://github.com/rvenieris/CodableExtensions.git";
			requirement = {
				kind = upToNextMajorVersion;
				minimumVersion = 1.0.0;
			};
		};
		99C2B3732C0D232600F32049 /* XCRemoteSwiftPackageReference "SwiftSoup" */ = {
			isa = XCRemoteSwiftPackageReference;
			repositoryURL = "https://github.com/scinfu/SwiftSoup.git";
			requirement = {
				kind = upToNextMajorVersion;
				minimumVersion = 2.7.2;
			};
		};
		99C2B37D2C0E52BD00F32049 /* XCRemoteSwiftPackageReference "TOCropViewController" */ = {
			isa = XCRemoteSwiftPackageReference;
			repositoryURL = "https://github.com/TimOliver/TOCropViewController.git";
			requirement = {
				kind = upToNextMajorVersion;
				minimumVersion = 2.7.4;
			};
		};
/* End XCRemoteSwiftPackageReference section */

/* Begin XCSwiftPackageProductDependency section */
		6F9726CC2BFBD6D600D7740F /* TelemetryClient */ = {
			isa = XCSwiftPackageProductDependency;
			package = 6F9726CB2BFBD6D600D7740F /* XCRemoteSwiftPackageReference "SwiftClient" */;
			productName = TelemetryClient;
		};
		6FE47A602BEEB47200BA9263 /* CodableExtensions */ = {
			isa = XCSwiftPackageProductDependency;
			package = 6FE47A5F2BEEB47200BA9263 /* XCRemoteSwiftPackageReference "CodableExtensions" */;
			productName = CodableExtensions;
		};
		99C2B3742C0D232600F32049 /* SwiftSoup */ = {
			isa = XCSwiftPackageProductDependency;
			package = 99C2B3732C0D232600F32049 /* XCRemoteSwiftPackageReference "SwiftSoup" */;
			productName = SwiftSoup;
		};
		99C2B37E2C0E52BD00F32049 /* CropViewController */ = {
			isa = XCSwiftPackageProductDependency;
			package = 99C2B37D2C0E52BD00F32049 /* XCRemoteSwiftPackageReference "TOCropViewController" */;
			productName = CropViewController;
		};
		99C2B3802C0E52BD00F32049 /* TOCropViewController */ = {
			isa = XCSwiftPackageProductDependency;
			package = 99C2B37D2C0E52BD00F32049 /* XCRemoteSwiftPackageReference "TOCropViewController" */;
			productName = TOCropViewController;
		};
/* End XCSwiftPackageProductDependency section */
	};
	rootObject = 6FF14DA82BE16F760004D52C /* Project object */;
}
